
Microsoft Visual Studio Solution File, Format Version 11.00
# Visual Studio 2010
Project("{FAE04EC0-301F-11D3-BF4B-00C04F79EFBC}") = "WinFormProject", "WinFormProject\WinFormProject.csproj", "{9776B977-C28F-4E28-9F93-1C4121693B68}"
EndProject
Project("{FAE04EC0-301F-11D3-BF4B-00C04F79EFBC}") = "ClassLibraryProject", "ClassLibraryProject\ClassLibraryProject.csproj", "{953E1F18-3833-4CEB-8F51-9338ECB1E0F6}"
EndProject
Project("{FAE04EC0-301F-11D3-BF4B-00C04F79EFBC}") = "WebProject", "WebProject\WebProject.csproj", "{8D620E19-23E7-4022-BCD6-00AACAE6B0AD}"
EndProject
Global
	GlobalSection(SolutionConfigurationPlatforms) = preSolution
		Debug|Any CPU = Debug|Any CPU
		Debug|Mixed Platforms = Debug|Mixed Platforms
		Debug|x86 = Debug|x86
		Release|Any CPU = Release|Any CPU
		Release|Mixed Platforms = Release|Mixed Platforms
		Release|x86 = Release|x86
	EndGlobalSection
	GlobalSection(ProjectConfigurationPlatforms) = postSolution
		{9776B977-C28F-4E28-9F93-1C4121693B68}.Debug|Any CPU.ActiveCfg = Debug|x86
		{9776B977-C28F-4E28-9F93-1C4121693B68}.Debug|Mixed Platforms.ActiveCfg = Debug|x86
		{9776B977-C28F-4E28-9F93-1C4121693B68}.Debug|Mixed Platforms.Build.0 = Debug|x86
		{9776B977-C28F-4E28-9F93-1C4121693B68}.Debug|x86.ActiveCfg = Debug|x86
		{9776B977-C28F-4E28-9F93-1C4121693B68}.Debug|x86.Build.0 = Debug|x86
		{9776B977-C28F-4E28-9F93-1C4121693B68}.Release|Any CPU.ActiveCfg = Release|x86
		{9776B977-C28F-4E28-9F93-1C4121693B68}.Release|Mixed Platforms.ActiveCfg = Release|x86
		{9776B977-C28F-4E28-9F93-1C4121693B68}.Release|Mixed Platforms.Build.0 = Release|x86
		{9776B977-C28F-4E28-9F93-1C4121693B68}.Release|x86.ActiveCfg = Release|x86
		{9776B977-C28F-4E28-9F93-1C4121693B68}.Release|x86.Build.0 = Release|x86
		{953E1F18-3833-4CEB-8F51-9338ECB1E0F6}.Debug|Any CPU.ActiveCfg = Debug|Any CPU
		{953E1F18-3833-4CEB-8F51-9338ECB1E0F6}.Debug|Any CPU.Build.0 = Debug|Any CPU
		{953E1F18-3833-4CEB-8F51-9338ECB1E0F6}.Debug|Mixed Platforms.ActiveCfg = Debug|Any CPU
		{953E1F18-3833-4CEB-8F51-9338ECB1E0F6}.Debug|Mixed Platforms.Build.0 = Debug|Any CPU
		{953E1F18-3833-4CEB-8F51-9338ECB1E0F6}.Debug|x86.ActiveCfg = Debug|Any CPU
		{953E1F18-3833-4CEB-8F51-9338ECB1E0F6}.Release|Any CPU.ActiveCfg = Release|Any CPU
		{953E1F18-3833-4CEB-8F51-9338ECB1E0F6}.Release|Any CPU.Build.0 = Release|Any CPU
		{953E1F18-3833-4CEB-8F51-9338ECB1E0F6}.Release|Mixed Platforms.ActiveCfg = Release|Any CPU
		{953E1F18-3833-4CEB-8F51-9338ECB1E0F6}.Release|Mixed Platforms.Build.0 = Release|Any CPU
		{953E1F18-3833-4CEB-8F51-9338ECB1E0F6}.Release|x86.ActiveCfg = Release|Any CPU
		{8D620E19-23E7-4022-BCD6-00AACAE6B0AD}.Debug|Any CPU.ActiveCfg = Debug|Any CPU
		{8D620E19-23E7-4022-BCD6-00AACAE6B0AD}.Debug|Any CPU.Build.0 = Debug|Any CPU
		{8D620E19-23E7-4022-BCD6-00AACAE6B0AD}.Debug|Mixed Platforms.ActiveCfg = Debug|Any CPU
		{8D620E19-23E7-4022-BCD6-00AACAE6B0AD}.Debug|Mixed Platforms.Build.0 = Debug|Any CPU
		{8D620E19-23E7-4022-BCD6-00AACAE6B0AD}.Debug|x86.ActiveCfg = Debug|Any CPU
		{8D620E19-23E7-4022-BCD6-00AACAE6B0AD}.Release|Any CPU.ActiveCfg = Release|Any CPU
		{8D620E19-23E7-4022-BCD6-00AACAE6B0AD}.Release|Any CPU.Build.0 = Release|Any CPU
		{8D620E19-23E7-4022-BCD6-00AACAE6B0AD}.Release|Mixed Platforms.ActiveCfg = Release|Any CPU
		{8D620E19-23E7-4022-BCD6-00AACAE6B0AD}.Release|Mixed Platforms.Build.0 = Release|Any CPU
		{8D620E19-23E7-4022-BCD6-00AACAE6B0AD}.Release|x86.ActiveCfg = Release|Any CPU
	EndGlobalSection
	GlobalSection(SolutionProperties) = preSolution
		HideSolutionNode = FALSE
	EndGlobalSection
EndGlobal
